
Microsoft Visual Studio Solution File, Format Version 12.00
# Visual Studio 15
Project("{FAE04EC0-301F-11D3-BF4B-00C04F79EFBC}") = "Vonk.Plugin.Everything", "Vonk.Plugin.Everything.csproj", "{2DD6806E-049E-4C37-A7C0-301DF84C41DA}"
EndProject
Global
	GlobalSection(SolutionConfigurationPlatforms) = preSolution
		Debug|Any CPU = Debug|Any CPU
		Release|Any CPU = Release|Any CPU
	EndGlobalSection
	GlobalSection(ProjectConfigurationPlatforms) = postSolution
		{2DD6806E-049E-4C37-A7C0-301DF84C41DA}.Debug|Any CPU.ActiveCfg = Debug|Any CPU
		{2DD6806E-049E-4C37-A7C0-301DF84C41DA}.Debug|Any CPU.Build.0 = Debug|Any CPU
		{2DD6806E-049E-4C37-A7C0-301DF84C41DA}.Release|Any CPU.ActiveCfg = Release|Any CPU
		{2DD6806E-049E-4C37-A7C0-301DF84C41DA}.Release|Any CPU.Build.0 = Release|Any CPU
	EndGlobalSection
EndGlobal
