
Microsoft Visual Studio Solution File, Format Version 12.00
# Visual Studio 15
VisualStudioVersion = 15.0.26124.0
MinimumVisualStudioVersion = 15.0.26124.0
Project("{FAE04EC0-301F-11D3-BF4B-00C04F79EFBC}") = "Vonk.Plugin.Everything", "Vonk.Plugin.Everything\Vonk.Plugin.Everything.csproj", "{29DBC151-5C43-4471-B5F9-85ED693A7D69}"
EndProject
Project("{FAE04EC0-301F-11D3-BF4B-00C04F79EFBC}") = "Vonk.Plugin.Everything.Tests", "Vonk.Plugin.Everything.Tests\Vonk.Plugin.Everything.Tests.csproj", "{92DBF7BE-1D70-4BEC-8918-4E10D1963D65}"
EndProject
Global
	GlobalSection(SolutionConfigurationPlatforms) = preSolution
		Debug|Any CPU = Debug|Any CPU
		Debug|x64 = Debug|x64
		Debug|x86 = Debug|x86
		Release|Any CPU = Release|Any CPU
		Release|x64 = Release|x64
		Release|x86 = Release|x86
	EndGlobalSection
	GlobalSection(SolutionProperties) = preSolution
		HideSolutionNode = FALSE
	EndGlobalSection
	GlobalSection(ProjectConfigurationPlatforms) = postSolution
		{29DBC151-5C43-4471-B5F9-85ED693A7D69}.Debug|Any CPU.ActiveCfg = Debug|Any CPU
		{29DBC151-5C43-4471-B5F9-85ED693A7D69}.Debug|Any CPU.Build.0 = Debug|Any CPU
		{29DBC151-5C43-4471-B5F9-85ED693A7D69}.Debug|x64.ActiveCfg = Debug|Any CPU
		{29DBC151-5C43-4471-B5F9-85ED693A7D69}.Debug|x64.Build.0 = Debug|Any CPU
		{29DBC151-5C43-4471-B5F9-85ED693A7D69}.Debug|x86.ActiveCfg = Debug|Any CPU
		{29DBC151-5C43-4471-B5F9-85ED693A7D69}.Debug|x86.Build.0 = Debug|Any CPU
		{29DBC151-5C43-4471-B5F9-85ED693A7D69}.Release|Any CPU.ActiveCfg = Release|Any CPU
		{29DBC151-5C43-4471-B5F9-85ED693A7D69}.Release|Any CPU.Build.0 = Release|Any CPU
		{29DBC151-5C43-4471-B5F9-85ED693A7D69}.Release|x64.ActiveCfg = Release|Any CPU
		{29DBC151-5C43-4471-B5F9-85ED693A7D69}.Release|x64.Build.0 = Release|Any CPU
		{29DBC151-5C43-4471-B5F9-85ED693A7D69}.Release|x86.ActiveCfg = Release|Any CPU
		{29DBC151-5C43-4471-B5F9-85ED693A7D69}.Release|x86.Build.0 = Release|Any CPU
		{92DBF7BE-1D70-4BEC-8918-4E10D1963D65}.Debug|Any CPU.ActiveCfg = Debug|Any CPU
		{92DBF7BE-1D70-4BEC-8918-4E10D1963D65}.Debug|Any CPU.Build.0 = Debug|Any CPU
		{92DBF7BE-1D70-4BEC-8918-4E10D1963D65}.Debug|x64.ActiveCfg = Debug|Any CPU
		{92DBF7BE-1D70-4BEC-8918-4E10D1963D65}.Debug|x64.Build.0 = Debug|Any CPU
		{92DBF7BE-1D70-4BEC-8918-4E10D1963D65}.Debug|x86.ActiveCfg = Debug|Any CPU
		{92DBF7BE-1D70-4BEC-8918-4E10D1963D65}.Debug|x86.Build.0 = Debug|Any CPU
		{92DBF7BE-1D70-4BEC-8918-4E10D1963D65}.Release|Any CPU.ActiveCfg = Release|Any CPU
		{92DBF7BE-1D70-4BEC-8918-4E10D1963D65}.Release|Any CPU.Build.0 = Release|Any CPU
		{92DBF7BE-1D70-4BEC-8918-4E10D1963D65}.Release|x64.ActiveCfg = Release|Any CPU
		{92DBF7BE-1D70-4BEC-8918-4E10D1963D65}.Release|x64.Build.0 = Release|Any CPU
		{92DBF7BE-1D70-4BEC-8918-4E10D1963D65}.Release|x86.ActiveCfg = Release|Any CPU
		{92DBF7BE-1D70-4BEC-8918-4E10D1963D65}.Release|x86.Build.0 = Release|Any CPU
	EndGlobalSection
EndGlobal
